// !$*UTF8*$!
{
	archiveVersion = 1;
	classes = {
	};
	objectVersion = 77;
	objects = {

/* Begin PBXBuildFile section */
		061D9633EA17E3209A3B1B44 /* FaviconService.swift in Sources */ = {isa = PBXBuildFile; fileRef = 04552A760B2EE2E9C50E65FA /* FaviconService.swift */; };
		07A16BF71717EDF0B460697F /* KDBXParserTests.swift in Sources */ = {isa = PBXBuildFile; fileRef = 071857A0B486E482F58E96A0 /* KDBXParserTests.swift */; };
		089FD935F8ED9AE87A519239 /* CredentialMatcher.swift in Sources */ = {isa = PBXBuildFile; fileRef = E484DDAC08825D592F42C971 /* CredentialMatcher.swift */; };
		0B7D322BDCD334BF2F20CE5D /* KeychainService.swift in Sources */ = {isa = PBXBuildFile; fileRef = 9FDDC37E863EB341697FC0AC /* KeychainService.swift */; };
		118B92B5F516A3C8F95B2A06 /* CredentialMatcher.swift in Sources */ = {isa = PBXBuildFile; fileRef = E484DDAC08825D592F42C971 /* CredentialMatcher.swift */; };
		13EE88975D4DAB4A327D2791 /* KDBXCrypto.swift in Sources */ = {isa = PBXBuildFile; fileRef = EC9D9D013823B73C45F84BF6 /* KDBXCrypto.swift */; };
		157D8E7898E8CC395544235D /* GroupListView.swift in Sources */ = {isa = PBXBuildFile; fileRef = 0232E599B749066A550CD867 /* GroupListView.swift */; };
		16A33681EAECD1A78AC9B6D8 /* SettingsService.swift in Sources */ = {isa = PBXBuildFile; fileRef = 32E4DAEBA0358D91AC6EEA84 /* SettingsService.swift */; };
		178E8F7C96810164EEE032EF /* Argon2Swift in Frameworks */ = {isa = PBXBuildFile; productRef = 1C50F09A3FF6EAC0D76F5B65 /* Argon2Swift */; };
		19583614D1A2B6F4DF4E4E3B /* CredentialProviderViewController.swift in Sources */ = {isa = PBXBuildFile; fileRef = 1F0D3EBAABD59A7BD9FEFB5B /* CredentialProviderViewController.swift */; };
		1AE06B26374913022AF0B512 /* Assets.xcassets in Resources */ = {isa = PBXBuildFile; fileRef = 87A9BBBD6B10534CBFC5D62C /* Assets.xcassets */; };
		2925BEF7334B1A39784CA5F1 /* CredentialMatcherTests.swift in Sources */ = {isa = PBXBuildFile; fileRef = 58B65B1D329FCBD2769D7650 /* CredentialMatcherTests.swift */; };
		29AFD209A654EAEB36105DA4 /* FaviconServiceTests.swift in Sources */ = {isa = PBXBuildFile; fileRef = D4A004F76E3E2182236B90A5 /* FaviconServiceTests.swift */; };
		2C7ED41E165C57037E5F6F06 /* Group.swift in Sources */ = {isa = PBXBuildFile; fileRef = 5FDAB0B2AA37625E26242E53 /* Group.swift */; };
		3122E83D6DCA799E9DF4F0AF /* NavigationConformances.swift in Sources */ = {isa = PBXBuildFile; fileRef = 3EDAC24E05E1785E79D0F478 /* NavigationConformances.swift */; };
		314EE1BF6F838D5F59FF776B /* LaunchScreen.storyboard in Resources */ = {isa = PBXBuildFile; fileRef = 72B36D86223AA2841F9F19D6 /* LaunchScreen.storyboard */; };
		34A00CC1BD87A0D2AA12D0CE /* FaviconService.swift in Sources */ = {isa = PBXBuildFile; fileRef = 04552A760B2EE2E9C50E65FA /* FaviconService.swift */; };
		3638BD8048634C9D9DF10FCF /* KDBXCrypto.swift in Sources */ = {isa = PBXBuildFile; fileRef = EC9D9D013823B73C45F84BF6 /* KDBXCrypto.swift */; };
		37A167A5B11E79886AB768E3 /* BiometricService.swift in Sources */ = {isa = PBXBuildFile; fileRef = EA801B7F5A40A25CA95BC6B9 /* BiometricService.swift */; };
		3D9716BB3BF72310A4046471 /* TOTPGeneratorTests.swift in Sources */ = {isa = PBXBuildFile; fileRef = 87732690E19B56E5EFC4AA4F /* TOTPGeneratorTests.swift */; };
		433DCCF5BB49DC7EA348D9F6 /* SharedVaultStore.swift in Sources */ = {isa = PBXBuildFile; fileRef = 7D1CB28C4D8F04F4885EA61E /* SharedVaultStore.swift */; };
		439D340BC0576CDC0A5724DA /* EntryDetailUITests.swift in Sources */ = {isa = PBXBuildFile; fileRef = FCA62AF00A42BCEE8691D62C /* EntryDetailUITests.swift */; };
		453F1ABC8CD8692A1BD76E85 /* SortOrderTests.swift in Sources */ = {isa = PBXBuildFile; fileRef = 597413A8C23F80083D2BCFE8 /* SortOrderTests.swift */; };
		49B3018A2B3EF12E93275D42 /* HapticService.swift in Sources */ = {isa = PBXBuildFile; fileRef = 74875E522F92348C08057696 /* HapticService.swift */; };
		4BBBC764F17ADC3EF8525DA8 /* BiometricService.swift in Sources */ = {isa = PBXBuildFile; fileRef = EA801B7F5A40A25CA95BC6B9 /* BiometricService.swift */; };
		4BE5E85653CA857FEF6DB144 /* SearchUITests.swift in Sources */ = {isa = PBXBuildFile; fileRef = F65F32F879F0C5EC8B81B446 /* SearchUITests.swift */; };
		4F827D1E744FFF7C979DCB0C /* KeeVaultUITestCase.swift in Sources */ = {isa = PBXBuildFile; fileRef = A7CC215325715C988E238D34 /* KeeVaultUITestCase.swift */; };
		54328D9A250B18ED2317E2FB /* AutoLockTests.swift in Sources */ = {isa = PBXBuildFile; fileRef = 23A3EB41899AAE77C1519986 /* AutoLockTests.swift */; };
		64673414C1434500302E97E8 /* DatabaseViewModelTests.swift in Sources */ = {isa = PBXBuildFile; fileRef = 994B7822924FC4C783E5BF76 /* DatabaseViewModelTests.swift */; };
		6953D2616ED330BD76E10ACD /* SettingsView.swift in Sources */ = {isa = PBXBuildFile; fileRef = 2DC6DC511D21A4B536803596 /* SettingsView.swift */; };
		6BB187D584A430CA757E5841 /* TOTPGenerator.swift in Sources */ = {isa = PBXBuildFile; fileRef = 98D53142E0E400EAFDFC0DB8 /* TOTPGenerator.swift */; };
		6FBAFC562307C8B167E55950 /* KeeVaultApp.swift in Sources */ = {isa = PBXBuildFile; fileRef = C5851D3E9580E70714F51B41 /* KeeVaultApp.swift */; };
		705124D91DF00179DAC44510 /* EntryDetailView.swift in Sources */ = {isa = PBXBuildFile; fileRef = 4A63F67A487C7503A1647768 /* EntryDetailView.swift */; };
		72736789461296CF636803D0 /* FaviconView.swift in Sources */ = {isa = PBXBuildFile; fileRef = DCE7AF5A1B5681DAA51EA682 /* FaviconView.swift */; };
		7844FEA590BAD4372335C5DB /* Entry.swift in Sources */ = {isa = PBXBuildFile; fileRef = 89FE935F12B1213BF2AA4887 /* Entry.swift */; };
		7BC70E4F773B35E41B4358EA /* UnlockView.swift in Sources */ = {isa = PBXBuildFile; fileRef = 9BF81D6E9F454E1A0E39F806 /* UnlockView.swift */; };
		7D54BB5FDFD2C5A69370AC6F /* DocumentPickerService.swift in Sources */ = {isa = PBXBuildFile; fileRef = 857C0EBF8BB4D5443786B54C /* DocumentPickerService.swift */; };
		830A764AB9F50D4F24C12E92 /* SharedVaultStore.swift in Sources */ = {isa = PBXBuildFile; fileRef = 7D1CB28C4D8F04F4885EA61E /* SharedVaultStore.swift */; };
		899653B778ED3609FB4AF0D5 /* Group.swift in Sources */ = {isa = PBXBuildFile; fileRef = 5FDAB0B2AA37625E26242E53 /* Group.swift */; };
		8A8250A8AA57751BB0E04F7B /* TOTPGenerator.swift in Sources */ = {isa = PBXBuildFile; fileRef = 98D53142E0E400EAFDFC0DB8 /* TOTPGenerator.swift */; };
		915040E9F69EA94BECBED136 /* SearchView.swift in Sources */ = {isa = PBXBuildFile; fileRef = B339F71610822D7A6BE8EA47 /* SearchView.swift */; };
		9401485162C59751F8580052 /* ScreenshotTests.swift in Sources */ = {isa = PBXBuildFile; fileRef = 33D8978A1402A88691AF3BC7 /* ScreenshotTests.swift */; };
		95E05966437433A8DB789E6B /* Entry.swift in Sources */ = {isa = PBXBuildFile; fileRef = 89FE935F12B1213BF2AA4887 /* Entry.swift */; };
		9D80E85BC5136F4DB90FA0FB /* TOTPViewModel.swift in Sources */ = {isa = PBXBuildFile; fileRef = 75C024C6B1529C887FACFC32 /* TOTPViewModel.swift */; };
		A36C9C21FC0D262F17448FC1 /* test.kdbx in Resources */ = {isa = PBXBuildFile; fileRef = 51AE62F0327AE140D741636B /* test.kdbx */; };
		A418AE2AA3EE750952AF5C8D /* NavigationUITests.swift in Sources */ = {isa = PBXBuildFile; fileRef = 1D4B55B0EA14F17F01BB82FE /* NavigationUITests.swift */; };
		A773061608F431A27D942FE9 /* SharedVaultStoreTests.swift in Sources */ = {isa = PBXBuildFile; fileRef = 765A581F2449D279DC9F00F8 /* SharedVaultStoreTests.swift */; };
		A976E0582D032B7830436140 /* SettingsServiceTests.swift in Sources */ = {isa = PBXBuildFile; fileRef = 91D402DC72928A53EF11B647 /* SettingsServiceTests.swift */; };
		AA80F4C50FE63B48FB700436 /* ScreenProtectionService.swift in Sources */ = {isa = PBXBuildFile; fileRef = F24A68304E05C5E4CCF32D33 /* ScreenProtectionService.swift */; };
		AD43A5E642D77D3ED49677A3 /* KDBXParser.swift in Sources */ = {isa = PBXBuildFile; fileRef = 04630AC02950D75B272D5927 /* KDBXParser.swift */; };
		B2E4536F8A4FB6AEAFBF1C0F /* ClipboardService.swift in Sources */ = {isa = PBXBuildFile; fileRef = 4AA1BC781576F6FCF822CF5F /* ClipboardService.swift */; };
		B4AB4C47378BA35D3761CB07 /* Argon2Swift in Frameworks */ = {isa = PBXBuildFile; productRef = EC769DB645B7FD5A96180267 /* Argon2Swift */; };
		BCAA797F0076C1D3E99CCFB4 /* KeychainService.swift in Sources */ = {isa = PBXBuildFile; fileRef = 9FDDC37E863EB341697FC0AC /* KeychainService.swift */; };
		BD0B5F9051C2C2A30561C0AC /* DocumentPickerService.swift in Sources */ = {isa = PBXBuildFile; fileRef = 857C0EBF8BB4D5443786B54C /* DocumentPickerService.swift */; };
		C060B8AF23B7362C2D7A4B1E /* EntryListView.swift in Sources */ = {isa = PBXBuildFile; fileRef = 520EE09EDA183240F2C4A150 /* EntryListView.swift */; };
		C1E95CA4A0681735A4B9E962 /* TOTPViewModelTests.swift in Sources */ = {isa = PBXBuildFile; fileRef = F1E82D92CFD9B903490902A7 /* TOTPViewModelTests.swift */; };
		CAC0DEC7F65A41278FAFC80F /* SettingsService.swift in Sources */ = {isa = PBXBuildFile; fileRef = 32E4DAEBA0358D91AC6EEA84 /* SettingsService.swift */; };
		CF81B0220CC557748D33862D /* AutoFillExtension.appex in Embed Foundation Extensions */ = {isa = PBXBuildFile; fileRef = B89BC0DD2296EA1CDD831E3C /* AutoFillExtension.appex */; settings = {ATTRIBUTES = (CodeSignOnCopy, RemoveHeadersOnCopy, ); }; };
		D64C0F898BA4FD7440AEC398 /* DatabaseViewModel.swift in Sources */ = {isa = PBXBuildFile; fileRef = EF1680F80D263A4F12E1FD11 /* DatabaseViewModel.swift */; };
		DFE4172CD97B51357093526D /* KDBXParser.swift in Sources */ = {isa = PBXBuildFile; fileRef = 04630AC02950D75B272D5927 /* KDBXParser.swift */; };
		E334E6B9CF58BFF29EC50139 /* ModelLogicTests.swift in Sources */ = {isa = PBXBuildFile; fileRef = 2CECAB218BA8547CF5053EEE /* ModelLogicTests.swift */; };
		F691FA81DDA8728F4B074047 /* test.kdbx in Resources */ = {isa = PBXBuildFile; fileRef = 51AE62F0327AE140D741636B /* test.kdbx */; };
		FF5366CF37DD97415B6E62A8 /* UnlockFlowUITests.swift in Sources */ = {isa = PBXBuildFile; fileRef = C21F92023642D6774A213759 /* UnlockFlowUITests.swift */; };
/* End PBXBuildFile section */

/* Begin PBXContainerItemProxy section */
		A82A502D86D0F1284CBCDA98 /* PBXContainerItemProxy */ = {
			isa = PBXContainerItemProxy;
			containerPortal = EEE3A8A0453C62287D515E40 /* Project object */;
			proxyType = 1;
			remoteGlobalIDString = F5CCCD17070E72A4B318C437;
			remoteInfo = KeeVault;
		};
		BB4626A5187223663F26C135 /* PBXContainerItemProxy */ = {
			isa = PBXContainerItemProxy;
			containerPortal = EEE3A8A0453C62287D515E40 /* Project object */;
			proxyType = 1;
			remoteGlobalIDString = 9A972012DBD6BE303E4EEDB5;
			remoteInfo = AutoFillExtension;
		};
		F2DF6CC5DE8D16F0C9E45348 /* PBXContainerItemProxy */ = {
			isa = PBXContainerItemProxy;
			containerPortal = EEE3A8A0453C62287D515E40 /* Project object */;
			proxyType = 1;
			remoteGlobalIDString = F5CCCD17070E72A4B318C437;
			remoteInfo = KeeVault;
		};
/* End PBXContainerItemProxy section */

/* Begin PBXCopyFilesBuildPhase section */
		72C4067F9AED5A62F5CB0CC3 /* Embed Foundation Extensions */ = {
			isa = PBXCopyFilesBuildPhase;
			buildActionMask = 2147483647;
			dstPath = "";
			dstSubfolderSpec = 13;
			files = (
				CF81B0220CC557748D33862D /* AutoFillExtension.appex in Embed Foundation Extensions */,
			);
			name = "Embed Foundation Extensions";
			runOnlyForDeploymentPostprocessing = 0;
		};
/* End PBXCopyFilesBuildPhase section */

/* Begin PBXFileReference section */
		0232E599B749066A550CD867 /* GroupListView.swift */ = {isa = PBXFileReference; lastKnownFileType = sourcecode.swift; path = GroupListView.swift; sourceTree = "<group>"; };
		04552A760B2EE2E9C50E65FA /* FaviconService.swift */ = {isa = PBXFileReference; lastKnownFileType = sourcecode.swift; path = FaviconService.swift; sourceTree = "<group>"; };
		04630AC02950D75B272D5927 /* KDBXParser.swift */ = {isa = PBXFileReference; lastKnownFileType = sourcecode.swift; path = KDBXParser.swift; sourceTree = "<group>"; };
		071857A0B486E482F58E96A0 /* KDBXParserTests.swift */ = {isa = PBXFileReference; lastKnownFileType = sourcecode.swift; path = KDBXParserTests.swift; sourceTree = "<group>"; };
		1D4B55B0EA14F17F01BB82FE /* NavigationUITests.swift */ = {isa = PBXFileReference; lastKnownFileType = sourcecode.swift; path = NavigationUITests.swift; sourceTree = "<group>"; };
		1F0D3EBAABD59A7BD9FEFB5B /* CredentialProviderViewController.swift */ = {isa = PBXFileReference; lastKnownFileType = sourcecode.swift; path = CredentialProviderViewController.swift; sourceTree = "<group>"; };
		23A3EB41899AAE77C1519986 /* AutoLockTests.swift */ = {isa = PBXFileReference; lastKnownFileType = sourcecode.swift; path = AutoLockTests.swift; sourceTree = "<group>"; };
		2CECAB218BA8547CF5053EEE /* ModelLogicTests.swift */ = {isa = PBXFileReference; lastKnownFileType = sourcecode.swift; path = ModelLogicTests.swift; sourceTree = "<group>"; };
		2DC6DC511D21A4B536803596 /* SettingsView.swift */ = {isa = PBXFileReference; lastKnownFileType = sourcecode.swift; path = SettingsView.swift; sourceTree = "<group>"; };
		32E4DAEBA0358D91AC6EEA84 /* SettingsService.swift */ = {isa = PBXFileReference; lastKnownFileType = sourcecode.swift; path = SettingsService.swift; sourceTree = "<group>"; };
		33D8978A1402A88691AF3BC7 /* ScreenshotTests.swift */ = {isa = PBXFileReference; lastKnownFileType = sourcecode.swift; path = ScreenshotTests.swift; sourceTree = "<group>"; };
		3EDAC24E05E1785E79D0F478 /* NavigationConformances.swift */ = {isa = PBXFileReference; lastKnownFileType = sourcecode.swift; path = NavigationConformances.swift; sourceTree = "<group>"; };
		4A63F67A487C7503A1647768 /* EntryDetailView.swift */ = {isa = PBXFileReference; lastKnownFileType = sourcecode.swift; path = EntryDetailView.swift; sourceTree = "<group>"; };
		4AA1BC781576F6FCF822CF5F /* ClipboardService.swift */ = {isa = PBXFileReference; lastKnownFileType = sourcecode.swift; path = ClipboardService.swift; sourceTree = "<group>"; };
		51AE62F0327AE140D741636B /* test.kdbx */ = {isa = PBXFileReference; path = test.kdbx; sourceTree = "<group>"; };
		520EE09EDA183240F2C4A150 /* EntryListView.swift */ = {isa = PBXFileReference; lastKnownFileType = sourcecode.swift; path = EntryListView.swift; sourceTree = "<group>"; };
		58B65B1D329FCBD2769D7650 /* CredentialMatcherTests.swift */ = {isa = PBXFileReference; lastKnownFileType = sourcecode.swift; path = CredentialMatcherTests.swift; sourceTree = "<group>"; };
		597413A8C23F80083D2BCFE8 /* SortOrderTests.swift */ = {isa = PBXFileReference; lastKnownFileType = sourcecode.swift; path = SortOrderTests.swift; sourceTree = "<group>"; };
		5FDAB0B2AA37625E26242E53 /* Group.swift */ = {isa = PBXFileReference; lastKnownFileType = sourcecode.swift; path = Group.swift; sourceTree = "<group>"; };
		72B36D86223AA2841F9F19D6 /* LaunchScreen.storyboard */ = {isa = PBXFileReference; lastKnownFileType = file.storyboard; path = LaunchScreen.storyboard; sourceTree = "<group>"; };
		74875E522F92348C08057696 /* HapticService.swift */ = {isa = PBXFileReference; lastKnownFileType = sourcecode.swift; path = HapticService.swift; sourceTree = "<group>"; };
		75C024C6B1529C887FACFC32 /* TOTPViewModel.swift */ = {isa = PBXFileReference; lastKnownFileType = sourcecode.swift; path = TOTPViewModel.swift; sourceTree = "<group>"; };
		765A581F2449D279DC9F00F8 /* SharedVaultStoreTests.swift */ = {isa = PBXFileReference; lastKnownFileType = sourcecode.swift; path = SharedVaultStoreTests.swift; sourceTree = "<group>"; };
		7D1CB28C4D8F04F4885EA61E /* SharedVaultStore.swift */ = {isa = PBXFileReference; lastKnownFileType = sourcecode.swift; path = SharedVaultStore.swift; sourceTree = "<group>"; };
		821772BDC9C5D12C20DFE035 /* KeeVaultUITests.xctest */ = {isa = PBXFileReference; includeInIndex = 0; lastKnownFileType = wrapper.cfbundle; path = KeeVaultUITests.xctest; sourceTree = BUILT_PRODUCTS_DIR; };
		857C0EBF8BB4D5443786B54C /* DocumentPickerService.swift */ = {isa = PBXFileReference; lastKnownFileType = sourcecode.swift; path = DocumentPickerService.swift; sourceTree = "<group>"; };
		87732690E19B56E5EFC4AA4F /* TOTPGeneratorTests.swift */ = {isa = PBXFileReference; lastKnownFileType = sourcecode.swift; path = TOTPGeneratorTests.swift; sourceTree = "<group>"; };
		87A9BBBD6B10534CBFC5D62C /* Assets.xcassets */ = {isa = PBXFileReference; lastKnownFileType = folder.assetcatalog; path = Assets.xcassets; sourceTree = "<group>"; };
		89FE935F12B1213BF2AA4887 /* Entry.swift */ = {isa = PBXFileReference; lastKnownFileType = sourcecode.swift; path = Entry.swift; sourceTree = "<group>"; };
		91D402DC72928A53EF11B647 /* SettingsServiceTests.swift */ = {isa = PBXFileReference; lastKnownFileType = sourcecode.swift; path = SettingsServiceTests.swift; sourceTree = "<group>"; };
		955B1BDEF32074A97D218B94 /* KeeVaultTests.xctest */ = {isa = PBXFileReference; includeInIndex = 0; lastKnownFileType = wrapper.cfbundle; path = KeeVaultTests.xctest; sourceTree = BUILT_PRODUCTS_DIR; };
		98D53142E0E400EAFDFC0DB8 /* TOTPGenerator.swift */ = {isa = PBXFileReference; lastKnownFileType = sourcecode.swift; path = TOTPGenerator.swift; sourceTree = "<group>"; };
		994B7822924FC4C783E5BF76 /* DatabaseViewModelTests.swift */ = {isa = PBXFileReference; lastKnownFileType = sourcecode.swift; path = DatabaseViewModelTests.swift; sourceTree = "<group>"; };
		9BF81D6E9F454E1A0E39F806 /* UnlockView.swift */ = {isa = PBXFileReference; lastKnownFileType = sourcecode.swift; path = UnlockView.swift; sourceTree = "<group>"; };
		9FDDC37E863EB341697FC0AC /* KeychainService.swift */ = {isa = PBXFileReference; lastKnownFileType = sourcecode.swift; path = KeychainService.swift; sourceTree = "<group>"; };
		A64C780766746F0A09D3F69E /* Info.plist */ = {isa = PBXFileReference; lastKnownFileType = text.plist; path = Info.plist; sourceTree = "<group>"; };
		A7CC215325715C988E238D34 /* KeeVaultUITestCase.swift */ = {isa = PBXFileReference; lastKnownFileType = sourcecode.swift; path = KeeVaultUITestCase.swift; sourceTree = "<group>"; };
		B339F71610822D7A6BE8EA47 /* SearchView.swift */ = {isa = PBXFileReference; lastKnownFileType = sourcecode.swift; path = SearchView.swift; sourceTree = "<group>"; };
		B89BC0DD2296EA1CDD831E3C /* AutoFillExtension.appex */ = {isa = PBXFileReference; includeInIndex = 0; lastKnownFileType = "wrapper.app-extension"; path = AutoFillExtension.appex; sourceTree = BUILT_PRODUCTS_DIR; };
		BB1D16EA7A4AAC7EE91A2FB7 /* AutoFillExtension.entitlements */ = {isa = PBXFileReference; lastKnownFileType = text.plist.entitlements; path = AutoFillExtension.entitlements; sourceTree = "<group>"; };
		C21F92023642D6774A213759 /* UnlockFlowUITests.swift */ = {isa = PBXFileReference; lastKnownFileType = sourcecode.swift; path = UnlockFlowUITests.swift; sourceTree = "<group>"; };
		C5851D3E9580E70714F51B41 /* KeeVaultApp.swift */ = {isa = PBXFileReference; lastKnownFileType = sourcecode.swift; path = KeeVaultApp.swift; sourceTree = "<group>"; };
		D4A004F76E3E2182236B90A5 /* FaviconServiceTests.swift */ = {isa = PBXFileReference; lastKnownFileType = sourcecode.swift; path = FaviconServiceTests.swift; sourceTree = "<group>"; };
		DCE7AF5A1B5681DAA51EA682 /* FaviconView.swift */ = {isa = PBXFileReference; lastKnownFileType = sourcecode.swift; path = FaviconView.swift; sourceTree = "<group>"; };
		E484DDAC08825D592F42C971 /* CredentialMatcher.swift */ = {isa = PBXFileReference; lastKnownFileType = sourcecode.swift; path = CredentialMatcher.swift; sourceTree = "<group>"; };
		EA801B7F5A40A25CA95BC6B9 /* BiometricService.swift */ = {isa = PBXFileReference; lastKnownFileType = sourcecode.swift; path = BiometricService.swift; sourceTree = "<group>"; };
		EC9D9D013823B73C45F84BF6 /* KDBXCrypto.swift */ = {isa = PBXFileReference; lastKnownFileType = sourcecode.swift; path = KDBXCrypto.swift; sourceTree = "<group>"; };
		EF1680F80D263A4F12E1FD11 /* DatabaseViewModel.swift */ = {isa = PBXFileReference; lastKnownFileType = sourcecode.swift; path = DatabaseViewModel.swift; sourceTree = "<group>"; };
		F1E82D92CFD9B903490902A7 /* TOTPViewModelTests.swift */ = {isa = PBXFileReference; lastKnownFileType = sourcecode.swift; path = TOTPViewModelTests.swift; sourceTree = "<group>"; };
		F24A68304E05C5E4CCF32D33 /* ScreenProtectionService.swift */ = {isa = PBXFileReference; lastKnownFileType = sourcecode.swift; path = ScreenProtectionService.swift; sourceTree = "<group>"; };
		F55B3FE0C3221312F43C5814 /* KeeVault.app */ = {isa = PBXFileReference; includeInIndex = 0; lastKnownFileType = wrapper.application; path = KeeVault.app; sourceTree = BUILT_PRODUCTS_DIR; };
		F65F32F879F0C5EC8B81B446 /* SearchUITests.swift */ = {isa = PBXFileReference; lastKnownFileType = sourcecode.swift; path = SearchUITests.swift; sourceTree = "<group>"; };
		FCA62AF00A42BCEE8691D62C /* EntryDetailUITests.swift */ = {isa = PBXFileReference; lastKnownFileType = sourcecode.swift; path = EntryDetailUITests.swift; sourceTree = "<group>"; };
/* End PBXFileReference section */

/* Begin PBXFrameworksBuildPhase section */
		899C0F37FDD19B03E25206FF /* Frameworks */ = {
			isa = PBXFrameworksBuildPhase;
			buildActionMask = 2147483647;
			files = (
				B4AB4C47378BA35D3761CB07 /* Argon2Swift in Frameworks */,
			);
			runOnlyForDeploymentPostprocessing = 0;
		};
		BBB393C70796E9EB20553318 /* Frameworks */ = {
			isa = PBXFrameworksBuildPhase;
			buildActionMask = 2147483647;
			files = (
				178E8F7C96810164EEE032EF /* Argon2Swift in Frameworks */,
			);
			runOnlyForDeploymentPostprocessing = 0;
		};
/* End PBXFrameworksBuildPhase section */

/* Begin PBXGroup section */
		0DDE644E447B42CFDB9726BE /* Products */ = {
			isa = PBXGroup;
			children = (
				B89BC0DD2296EA1CDD831E3C /* AutoFillExtension.appex */,
				F55B3FE0C3221312F43C5814 /* KeeVault.app */,
				955B1BDEF32074A97D218B94 /* KeeVaultTests.xctest */,
				821772BDC9C5D12C20DFE035 /* KeeVaultUITests.xctest */,
			);
			name = Products;
			sourceTree = "<group>";
		};
		16B2CCEA2361BA396798AAC8 /* App */ = {
			isa = PBXGroup;
			children = (
				C5851D3E9580E70714F51B41 /* KeeVaultApp.swift */,
			);
			name = App;
			path = KeeVault/App;
			sourceTree = "<group>";
		};
		283C2B000DC172016C407319 /* Views */ = {
			isa = PBXGroup;
			children = (
				4A63F67A487C7503A1647768 /* EntryDetailView.swift */,
				520EE09EDA183240F2C4A150 /* EntryListView.swift */,
				DCE7AF5A1B5681DAA51EA682 /* FaviconView.swift */,
				0232E599B749066A550CD867 /* GroupListView.swift */,
				B339F71610822D7A6BE8EA47 /* SearchView.swift */,
				2DC6DC511D21A4B536803596 /* SettingsView.swift */,
				9BF81D6E9F454E1A0E39F806 /* UnlockView.swift */,
			);
			name = Views;
			path = KeeVault/Views;
			sourceTree = "<group>";
		};
		397037C85461299C2611E3C5 /* Models */ = {
			isa = PBXGroup;
			children = (
				89FE935F12B1213BF2AA4887 /* Entry.swift */,
				5FDAB0B2AA37625E26242E53 /* Group.swift */,
				EC9D9D013823B73C45F84BF6 /* KDBXCrypto.swift */,
				04630AC02950D75B272D5927 /* KDBXParser.swift */,
				98D53142E0E400EAFDFC0DB8 /* TOTPGenerator.swift */,
			);
			name = Models;
			path = KeeVault/Models;
			sourceTree = "<group>";
		};
		711A08224E4D4C5795F3E424 /* AutoFillExtension */ = {
			isa = PBXGroup;
			children = (
				BB1D16EA7A4AAC7EE91A2FB7 /* AutoFillExtension.entitlements */,
				1F0D3EBAABD59A7BD9FEFB5B /* CredentialProviderViewController.swift */,
				A64C780766746F0A09D3F69E /* Info.plist */,
			);
			path = AutoFillExtension;
			sourceTree = "<group>";
		};
		8C63268F934714FD2F7C4FF8 /* KeeVaultTests */ = {
			isa = PBXGroup;
			children = (
				23A3EB41899AAE77C1519986 /* AutoLockTests.swift */,
				58B65B1D329FCBD2769D7650 /* CredentialMatcherTests.swift */,
				994B7822924FC4C783E5BF76 /* DatabaseViewModelTests.swift */,
				D4A004F76E3E2182236B90A5 /* FaviconServiceTests.swift */,
				071857A0B486E482F58E96A0 /* KDBXParserTests.swift */,
				2CECAB218BA8547CF5053EEE /* ModelLogicTests.swift */,
				91D402DC72928A53EF11B647 /* SettingsServiceTests.swift */,
				765A581F2449D279DC9F00F8 /* SharedVaultStoreTests.swift */,
				597413A8C23F80083D2BCFE8 /* SortOrderTests.swift */,
				87732690E19B56E5EFC4AA4F /* TOTPGeneratorTests.swift */,
				F1E82D92CFD9B903490902A7 /* TOTPViewModelTests.swift */,
			);
			path = KeeVaultTests;
			sourceTree = "<group>";
		};
		8CBC91F5801178AC803EEBDC /* TestFixtures */ = {
			isa = PBXGroup;
			children = (
				51AE62F0327AE140D741636B /* test.kdbx */,
			);
			path = TestFixtures;
			sourceTree = "<group>";
		};
		A32A208F93C711849C1088B7 /* Extensions */ = {
			isa = PBXGroup;
			children = (
				3EDAC24E05E1785E79D0F478 /* NavigationConformances.swift */,
			);
			name = Extensions;
			path = KeeVault/Extensions;
			sourceTree = "<group>";
		};
		A66661F79468890840F6F690 = {
			isa = PBXGroup;
			children = (
				16B2CCEA2361BA396798AAC8 /* App */,
				711A08224E4D4C5795F3E424 /* AutoFillExtension */,
				A32A208F93C711849C1088B7 /* Extensions */,
				8C63268F934714FD2F7C4FF8 /* KeeVaultTests */,
				E395FCD1EB9C501BC350275C /* KeeVaultUITests */,
				397037C85461299C2611E3C5 /* Models */,
				A73FF28784C9F31E425687CD /* Resources */,
				CC966CEB9E3635D5C6BD5E35 /* Services */,
				8CBC91F5801178AC803EEBDC /* TestFixtures */,
				CBF4AC9A588E2592756A2901 /* ViewModels */,
				283C2B000DC172016C407319 /* Views */,
				0DDE644E447B42CFDB9726BE /* Products */,
			);
			sourceTree = "<group>";
		};
		A73FF28784C9F31E425687CD /* Resources */ = {
			isa = PBXGroup;
			children = (
				87A9BBBD6B10534CBFC5D62C /* Assets.xcassets */,
				72B36D86223AA2841F9F19D6 /* LaunchScreen.storyboard */,
			);
			name = Resources;
			path = KeeVault/Resources;
			sourceTree = "<group>";
		};
		CBF4AC9A588E2592756A2901 /* ViewModels */ = {
			isa = PBXGroup;
			children = (
				EF1680F80D263A4F12E1FD11 /* DatabaseViewModel.swift */,
				75C024C6B1529C887FACFC32 /* TOTPViewModel.swift */,
			);
			name = ViewModels;
			path = KeeVault/ViewModels;
			sourceTree = "<group>";
		};
		CC966CEB9E3635D5C6BD5E35 /* Services */ = {
			isa = PBXGroup;
			children = (
				EA801B7F5A40A25CA95BC6B9 /* BiometricService.swift */,
				4AA1BC781576F6FCF822CF5F /* ClipboardService.swift */,
				E484DDAC08825D592F42C971 /* CredentialMatcher.swift */,
				857C0EBF8BB4D5443786B54C /* DocumentPickerService.swift */,
				04552A760B2EE2E9C50E65FA /* FaviconService.swift */,
				74875E522F92348C08057696 /* HapticService.swift */,
				9FDDC37E863EB341697FC0AC /* KeychainService.swift */,
				F24A68304E05C5E4CCF32D33 /* ScreenProtectionService.swift */,
				32E4DAEBA0358D91AC6EEA84 /* SettingsService.swift */,
				7D1CB28C4D8F04F4885EA61E /* SharedVaultStore.swift */,
			);
			name = Services;
			path = KeeVault/Services;
			sourceTree = "<group>";
		};
		E395FCD1EB9C501BC350275C /* KeeVaultUITests */ = {
			isa = PBXGroup;
			children = (
				FCA62AF00A42BCEE8691D62C /* EntryDetailUITests.swift */,
				A7CC215325715C988E238D34 /* KeeVaultUITestCase.swift */,
				1D4B55B0EA14F17F01BB82FE /* NavigationUITests.swift */,
				33D8978A1402A88691AF3BC7 /* ScreenshotTests.swift */,
				F65F32F879F0C5EC8B81B446 /* SearchUITests.swift */,
				C21F92023642D6774A213759 /* UnlockFlowUITests.swift */,
			);
			path = KeeVaultUITests;
			sourceTree = "<group>";
		};
/* End PBXGroup section */

/* Begin PBXNativeTarget section */
		2AA5363F49FAF8064C6BF401 /* KeeVaultTests */ = {
			isa = PBXNativeTarget;
			buildConfigurationList = 5FC88B455D18E25D1BFC62F6 /* Build configuration list for PBXNativeTarget "KeeVaultTests" */;
			buildPhases = (
				CB8108904E74C364CAAB3C72 /* Sources */,
				618AC3C61CFE92C4F547F008 /* Resources */,
			);
			buildRules = (
			);
			dependencies = (
				5C191E9331FA10642A4F2A9C /* PBXTargetDependency */,
			);
			name = KeeVaultTests;
			packageProductDependencies = (
			);
			productName = KeeVaultTests;
			productReference = 955B1BDEF32074A97D218B94 /* KeeVaultTests.xctest */;
			productType = "com.apple.product-type.bundle.unit-test";
		};
		6D9034EE3DACBB02919B9D37 /* KeeVaultUITests */ = {
			isa = PBXNativeTarget;
			buildConfigurationList = 90FA865EE8F1C2741F01858F /* Build configuration list for PBXNativeTarget "KeeVaultUITests" */;
			buildPhases = (
				0481FCC930D944D5B7EA966A /* Sources */,
				95BEF107B132089482AEEA08 /* Resources */,
			);
			buildRules = (
			);
			dependencies = (
				2C37A23F30E137E9057B14E5 /* PBXTargetDependency */,
			);
			name = KeeVaultUITests;
			packageProductDependencies = (
			);
			productName = KeeVaultUITests;
			productReference = 821772BDC9C5D12C20DFE035 /* KeeVaultUITests.xctest */;
			productType = "com.apple.product-type.bundle.ui-testing";
		};
		9A972012DBD6BE303E4EEDB5 /* AutoFillExtension */ = {
			isa = PBXNativeTarget;
			buildConfigurationList = 308D04FDB60F1BB8D067A652 /* Build configuration list for PBXNativeTarget "AutoFillExtension" */;
			buildPhases = (
				5027165D707ECCB7A71DC457 /* Sources */,
				BBB393C70796E9EB20553318 /* Frameworks */,
			);
			buildRules = (
			);
			dependencies = (
			);
			name = AutoFillExtension;
			packageProductDependencies = (
				1C50F09A3FF6EAC0D76F5B65 /* Argon2Swift */,
			);
			productName = AutoFillExtension;
			productReference = B89BC0DD2296EA1CDD831E3C /* AutoFillExtension.appex */;
			productType = "com.apple.product-type.app-extension";
		};
		F5CCCD17070E72A4B318C437 /* KeeVault */ = {
			isa = PBXNativeTarget;
			buildConfigurationList = D23896FDDBD748D28015EB5F /* Build configuration list for PBXNativeTarget "KeeVault" */;
			buildPhases = (
				EEE50EDAAD3283691A32AD61 /* Sources */,
				13AA7DCB75E9A4DBAF3144C2 /* Resources */,
				899C0F37FDD19B03E25206FF /* Frameworks */,
				72C4067F9AED5A62F5CB0CC3 /* Embed Foundation Extensions */,
			);
			buildRules = (
			);
			dependencies = (
				694EFAF0F8ADE07829C7FB88 /* PBXTargetDependency */,
			);
			name = KeeVault;
			packageProductDependencies = (
				EC769DB645B7FD5A96180267 /* Argon2Swift */,
			);
			productName = KeeVault;
			productReference = F55B3FE0C3221312F43C5814 /* KeeVault.app */;
			productType = "com.apple.product-type.application";
		};
/* End PBXNativeTarget section */

/* Begin PBXProject section */
		EEE3A8A0453C62287D515E40 /* Project object */ = {
			isa = PBXProject;
			attributes = {
				BuildIndependentTargetsInParallel = YES;
				LastUpgradeCheck = 1600;
				TargetAttributes = {
					2AA5363F49FAF8064C6BF401 = {
						DevelopmentTeam = V82M9YX8BR;
						ProvisioningStyle = Automatic;
						TestTargetID = F5CCCD17070E72A4B318C437;
					};
					6D9034EE3DACBB02919B9D37 = {
						DevelopmentTeam = V82M9YX8BR;
						ProvisioningStyle = Automatic;
						TestTargetID = F5CCCD17070E72A4B318C437;
					};
					9A972012DBD6BE303E4EEDB5 = {
						DevelopmentTeam = V82M9YX8BR;
						ProvisioningStyle = Automatic;
					};
					F5CCCD17070E72A4B318C437 = {
						DevelopmentTeam = V82M9YX8BR;
						ProvisioningStyle = Automatic;
					};
				};
			};
			buildConfigurationList = BD3C6BD1EAEBD78FBCBD25D5 /* Build configuration list for PBXProject "KeeVault" */;
			compatibilityVersion = "Xcode 14.0";
			developmentRegion = en;
			hasScannedForEncodings = 0;
			knownRegions = (
				Base,
				en,
			);
			mainGroup = A66661F79468890840F6F690;
			minimizedProjectReferenceProxies = 1;
			packageReferences = (
				BF2269DCF81DA97F564C74D5 /* XCRemoteSwiftPackageReference "Argon2Swift" */,
			);
			preferredProjectObjectVersion = 77;
			projectDirPath = "";
			projectRoot = "";
			targets = (
				9A972012DBD6BE303E4EEDB5 /* AutoFillExtension */,
				F5CCCD17070E72A4B318C437 /* KeeVault */,
				2AA5363F49FAF8064C6BF401 /* KeeVaultTests */,
				6D9034EE3DACBB02919B9D37 /* KeeVaultUITests */,
			);
		};
/* End PBXProject section */

/* Begin PBXResourcesBuildPhase section */
		13AA7DCB75E9A4DBAF3144C2 /* Resources */ = {
			isa = PBXResourcesBuildPhase;
			buildActionMask = 2147483647;
			files = (
				1AE06B26374913022AF0B512 /* Assets.xcassets in Resources */,
				314EE1BF6F838D5F59FF776B /* LaunchScreen.storyboard in Resources */,
			);
			runOnlyForDeploymentPostprocessing = 0;
		};
		618AC3C61CFE92C4F547F008 /* Resources */ = {
			isa = PBXResourcesBuildPhase;
			buildActionMask = 2147483647;
			files = (
				F691FA81DDA8728F4B074047 /* test.kdbx in Resources */,
			);
			runOnlyForDeploymentPostprocessing = 0;
		};
		95BEF107B132089482AEEA08 /* Resources */ = {
			isa = PBXResourcesBuildPhase;
			buildActionMask = 2147483647;
			files = (
				A36C9C21FC0D262F17448FC1 /* test.kdbx in Resources */,
			);
			runOnlyForDeploymentPostprocessing = 0;
		};
/* End PBXResourcesBuildPhase section */

/* Begin PBXSourcesBuildPhase section */
		0481FCC930D944D5B7EA966A /* Sources */ = {
			isa = PBXSourcesBuildPhase;
			buildActionMask = 2147483647;
			files = (
				439D340BC0576CDC0A5724DA /* EntryDetailUITests.swift in Sources */,
				4F827D1E744FFF7C979DCB0C /* KeeVaultUITestCase.swift in Sources */,
				A418AE2AA3EE750952AF5C8D /* NavigationUITests.swift in Sources */,
				9401485162C59751F8580052 /* ScreenshotTests.swift in Sources */,
				4BE5E85653CA857FEF6DB144 /* SearchUITests.swift in Sources */,
				FF5366CF37DD97415B6E62A8 /* UnlockFlowUITests.swift in Sources */,
			);
			runOnlyForDeploymentPostprocessing = 0;
		};
		5027165D707ECCB7A71DC457 /* Sources */ = {
			isa = PBXSourcesBuildPhase;
			buildActionMask = 2147483647;
			files = (
				37A167A5B11E79886AB768E3 /* BiometricService.swift in Sources */,
				118B92B5F516A3C8F95B2A06 /* CredentialMatcher.swift in Sources */,
				19583614D1A2B6F4DF4E4E3B /* CredentialProviderViewController.swift in Sources */,
				BD0B5F9051C2C2A30561C0AC /* DocumentPickerService.swift in Sources */,
				95E05966437433A8DB789E6B /* Entry.swift in Sources */,
				061D9633EA17E3209A3B1B44 /* FaviconService.swift in Sources */,
				2C7ED41E165C57037E5F6F06 /* Group.swift in Sources */,
				13EE88975D4DAB4A327D2791 /* KDBXCrypto.swift in Sources */,
				AD43A5E642D77D3ED49677A3 /* KDBXParser.swift in Sources */,
				BCAA797F0076C1D3E99CCFB4 /* KeychainService.swift in Sources */,
				16A33681EAECD1A78AC9B6D8 /* SettingsService.swift in Sources */,
				433DCCF5BB49DC7EA348D9F6 /* SharedVaultStore.swift in Sources */,
				8A8250A8AA57751BB0E04F7B /* TOTPGenerator.swift in Sources */,
			);
			runOnlyForDeploymentPostprocessing = 0;
		};
		CB8108904E74C364CAAB3C72 /* Sources */ = {
			isa = PBXSourcesBuildPhase;
			buildActionMask = 2147483647;
			files = (
				54328D9A250B18ED2317E2FB /* AutoLockTests.swift in Sources */,
				2925BEF7334B1A39784CA5F1 /* CredentialMatcherTests.swift in Sources */,
				64673414C1434500302E97E8 /* DatabaseViewModelTests.swift in Sources */,
				29AFD209A654EAEB36105DA4 /* FaviconServiceTests.swift in Sources */,
				07A16BF71717EDF0B460697F /* KDBXParserTests.swift in Sources */,
				E334E6B9CF58BFF29EC50139 /* ModelLogicTests.swift in Sources */,
				A976E0582D032B7830436140 /* SettingsServiceTests.swift in Sources */,
				A773061608F431A27D942FE9 /* SharedVaultStoreTests.swift in Sources */,
				453F1ABC8CD8692A1BD76E85 /* SortOrderTests.swift in Sources */,
				3D9716BB3BF72310A4046471 /* TOTPGeneratorTests.swift in Sources */,
				C1E95CA4A0681735A4B9E962 /* TOTPViewModelTests.swift in Sources */,
			);
			runOnlyForDeploymentPostprocessing = 0;
		};
		EEE50EDAAD3283691A32AD61 /* Sources */ = {
			isa = PBXSourcesBuildPhase;
			buildActionMask = 2147483647;
			files = (
				4BBBC764F17ADC3EF8525DA8 /* BiometricService.swift in Sources */,
				B2E4536F8A4FB6AEAFBF1C0F /* ClipboardService.swift in Sources */,
				089FD935F8ED9AE87A519239 /* CredentialMatcher.swift in Sources */,
				D64C0F898BA4FD7440AEC398 /* DatabaseViewModel.swift in Sources */,
				7D54BB5FDFD2C5A69370AC6F /* DocumentPickerService.swift in Sources */,
				7844FEA590BAD4372335C5DB /* Entry.swift in Sources */,
				705124D91DF00179DAC44510 /* EntryDetailView.swift in Sources */,
				C060B8AF23B7362C2D7A4B1E /* EntryListView.swift in Sources */,
				34A00CC1BD87A0D2AA12D0CE /* FaviconService.swift in Sources */,
				72736789461296CF636803D0 /* FaviconView.swift in Sources */,
				899653B778ED3609FB4AF0D5 /* Group.swift in Sources */,
				157D8E7898E8CC395544235D /* GroupListView.swift in Sources */,
				49B3018A2B3EF12E93275D42 /* HapticService.swift in Sources */,
				3638BD8048634C9D9DF10FCF /* KDBXCrypto.swift in Sources */,
				DFE4172CD97B51357093526D /* KDBXParser.swift in Sources */,
				6FBAFC562307C8B167E55950 /* KeeVaultApp.swift in Sources */,
				0B7D322BDCD334BF2F20CE5D /* KeychainService.swift in Sources */,
				3122E83D6DCA799E9DF4F0AF /* NavigationConformances.swift in Sources */,
				AA80F4C50FE63B48FB700436 /* ScreenProtectionService.swift in Sources */,
				915040E9F69EA94BECBED136 /* SearchView.swift in Sources */,
				CAC0DEC7F65A41278FAFC80F /* SettingsService.swift in Sources */,
				6953D2616ED330BD76E10ACD /* SettingsView.swift in Sources */,
				830A764AB9F50D4F24C12E92 /* SharedVaultStore.swift in Sources */,
				6BB187D584A430CA757E5841 /* TOTPGenerator.swift in Sources */,
				9D80E85BC5136F4DB90FA0FB /* TOTPViewModel.swift in Sources */,
				7BC70E4F773B35E41B4358EA /* UnlockView.swift in Sources */,
			);
			runOnlyForDeploymentPostprocessing = 0;
		};
/* End PBXSourcesBuildPhase section */

/* Begin PBXTargetDependency section */
		2C37A23F30E137E9057B14E5 /* PBXTargetDependency */ = {
			isa = PBXTargetDependency;
			target = F5CCCD17070E72A4B318C437 /* KeeVault */;
			targetProxy = F2DF6CC5DE8D16F0C9E45348 /* PBXContainerItemProxy */;
		};
		5C191E9331FA10642A4F2A9C /* PBXTargetDependency */ = {
			isa = PBXTargetDependency;
			target = F5CCCD17070E72A4B318C437 /* KeeVault */;
			targetProxy = A82A502D86D0F1284CBCDA98 /* PBXContainerItemProxy */;
		};
		694EFAF0F8ADE07829C7FB88 /* PBXTargetDependency */ = {
			isa = PBXTargetDependency;
			target = 9A972012DBD6BE303E4EEDB5 /* AutoFillExtension */;
			targetProxy = BB4626A5187223663F26C135 /* PBXContainerItemProxy */;
		};
/* End PBXTargetDependency section */

/* Begin XCBuildConfiguration section */
		2B0F555ECC285AAD01BE6165 /* Debug */ = {
			isa = XCBuildConfiguration;
			buildSettings = {
				ALWAYS_SEARCH_USER_PATHS = NO;
				CLANG_ANALYZER_NONNULL = YES;
				CLANG_ANALYZER_NUMBER_OBJECT_CONVERSION = YES_AGGRESSIVE;
				CLANG_CXX_LANGUAGE_STANDARD = "gnu++14";
				CLANG_CXX_LIBRARY = "libc++";
				CLANG_ENABLE_MODULES = YES;
				CLANG_ENABLE_OBJC_ARC = YES;
				CLANG_ENABLE_OBJC_WEAK = YES;
				CLANG_WARN_BLOCK_CAPTURE_AUTORELEASING = YES;
				CLANG_WARN_BOOL_CONVERSION = YES;
				CLANG_WARN_COMMA = YES;
				CLANG_WARN_CONSTANT_CONVERSION = YES;
				CLANG_WARN_DEPRECATED_OBJC_IMPLEMENTATIONS = YES;
				CLANG_WARN_DIRECT_OBJC_ISA_USAGE = YES_ERROR;
				CLANG_WARN_DOCUMENTATION_COMMENTS = YES;
				CLANG_WARN_EMPTY_BODY = YES;
				CLANG_WARN_ENUM_CONVERSION = YES;
				CLANG_WARN_INFINITE_RECURSION = YES;
				CLANG_WARN_INT_CONVERSION = YES;
				CLANG_WARN_NON_LITERAL_NULL_CONVERSION = YES;
				CLANG_WARN_OBJC_IMPLICIT_RETAIN_SELF = YES;
				CLANG_WARN_OBJC_LITERAL_CONVERSION = YES;
				CLANG_WARN_OBJC_ROOT_CLASS = YES_ERROR;
				CLANG_WARN_QUOTED_INCLUDE_IN_FRAMEWORK_HEADER = YES;
				CLANG_WARN_RANGE_LOOP_ANALYSIS = YES;
				CLANG_WARN_STRICT_PROTOTYPES = YES;
				CLANG_WARN_SUSPICIOUS_MOVE = YES;
				CLANG_WARN_UNGUARDED_AVAILABILITY = YES_AGGRESSIVE;
				CLANG_WARN_UNREACHABLE_CODE = YES;
				CLANG_WARN__DUPLICATE_METHOD_MATCH = YES;
				CODE_SIGN_STYLE = Automatic;
				COPY_PHASE_STRIP = NO;
				DEBUG_INFORMATION_FORMAT = dwarf;
				DEVELOPMENT_TEAM = V82M9YX8BR;
				ENABLE_STRICT_OBJC_MSGSEND = YES;
				ENABLE_TESTABILITY = YES;
				ENABLE_USER_SCRIPT_SANDBOXING = YES;
				GCC_C_LANGUAGE_STANDARD = gnu11;
				GCC_DYNAMIC_NO_PIC = NO;
				GCC_NO_COMMON_BLOCKS = YES;
				GCC_OPTIMIZATION_LEVEL = 0;
				GCC_PREPROCESSOR_DEFINITIONS = (
					"$(inherited)",
					"DEBUG=1",
				);
				GCC_WARN_64_TO_32_BIT_CONVERSION = YES;
				GCC_WARN_ABOUT_RETURN_TYPE = YES_ERROR;
				GCC_WARN_UNDECLARED_SELECTOR = YES;
				GCC_WARN_UNINITIALIZED_AUTOS = YES_AGGRESSIVE;
				GCC_WARN_UNUSED_FUNCTION = YES;
				GCC_WARN_UNUSED_VARIABLE = YES;
				IPHONEOS_DEPLOYMENT_TARGET = 17.0;
				MTL_ENABLE_DEBUG_INFO = INCLUDE_SOURCE;
				MTL_FAST_MATH = YES;
				ONLY_ACTIVE_ARCH = YES;
				PRODUCT_NAME = "$(TARGET_NAME)";
				SDKROOT = iphoneos;
				SWIFT_ACTIVE_COMPILATION_CONDITIONS = DEBUG;
				SWIFT_OPTIMIZATION_LEVEL = "-Onone";
				SWIFT_STRICT_CONCURRENCY = complete;
				SWIFT_VERSION = 6.0;
			};
			name = Debug;
		};
		64B37485476915410BA4AB44 /* Debug */ = {
			isa = XCBuildConfiguration;
			buildSettings = {
				CODE_SIGN_ENTITLEMENTS = AutoFillExtension/AutoFillExtension.entitlements;
				CODE_SIGN_STYLE = Automatic;
				CURRENT_PROJECT_VERSION = 3;
				GENERATE_INFOPLIST_FILE = NO;
				INFOPLIST_FILE = AutoFillExtension/Info.plist;
				LD_RUNPATH_SEARCH_PATHS = (
					"$(inherited)",
					"@executable_path/Frameworks",
					"@executable_path/../../Frameworks",
				);
				MARKETING_VERSION = 1.2.0;
				PRODUCT_BUNDLE_IDENTIFIER = com.keevault.app.autofill;
				PRODUCT_NAME = KeeVaultAutoFill;
				SDKROOT = iphoneos;
				TARGETED_DEVICE_FAMILY = "1,2";
			};
			name = Debug;
		};
		872D25BC352D0EA44732FC6F /* Release */ = {
			isa = XCBuildConfiguration;
			buildSettings = {
				BUNDLE_LOADER = "$(TEST_HOST)";
				GENERATE_INFOPLIST_FILE = YES;
				LD_RUNPATH_SEARCH_PATHS = (
					"$(inherited)",
					"@executable_path/Frameworks",
					"@loader_path/Frameworks",
				);
				PRODUCT_BUNDLE_IDENTIFIER = com.keevault.app.uitests;
				SDKROOT = iphoneos;
				TARGETED_DEVICE_FAMILY = "1,2";
				TEST_TARGET_NAME = KeeVault;
			};
			name = Release;
		};
		9D5BEB99D46C820A53446610 /* Release */ = {
			isa = XCBuildConfiguration;
			buildSettings = {
				BUNDLE_LOADER = "$(TEST_HOST)";
				GENERATE_INFOPLIST_FILE = YES;
				LD_RUNPATH_SEARCH_PATHS = (
					"$(inherited)",
					"@executable_path/Frameworks",
					"@loader_path/Frameworks",
				);
				PRODUCT_BUNDLE_IDENTIFIER = com.keevault.app.tests;
				SDKROOT = iphoneos;
				TARGETED_DEVICE_FAMILY = "1,2";
				TEST_HOST = "$(BUILT_PRODUCTS_DIR)/KeeVault.app/KeeVault";
				TEST_TARGET_NAME = KeeVault;
			};
			name = Release;
		};
		A4468E53A3115306CA5FDBE6 /* Release */ = {
			isa = XCBuildConfiguration;
			buildSettings = {
				ASSETCATALOG_COMPILER_APPICON_NAME = AppIcon;
				CODE_SIGN_ENTITLEMENTS = KeeVault/KeeVault.entitlements;
				CODE_SIGN_IDENTITY = "iPhone Developer";
				CODE_SIGN_STYLE = Automatic;
				CURRENT_PROJECT_VERSION = 3;
				GENERATE_INFOPLIST_FILE = NO;
				INFOPLIST_FILE = KeeVault/Info.plist;
				LD_RUNPATH_SEARCH_PATHS = (
					"$(inherited)",
					"@executable_path/Frameworks",
				);
				MARKETING_VERSION = 1.2.0;
				PRODUCT_BUNDLE_IDENTIFIER = com.keevault.app;
				PRODUCT_NAME = KeeVault;
				SDKROOT = iphoneos;
				SWIFT_EMIT_LOC_STRINGS = YES;
				TARGETED_DEVICE_FAMILY = 1;
			};
			name = Release;
		};
		A7C02578F7E2364286BAD148 /* Debug */ = {
			isa = XCBuildConfiguration;
			buildSettings = {
				BUNDLE_LOADER = "$(TEST_HOST)";
				GENERATE_INFOPLIST_FILE = YES;
				LD_RUNPATH_SEARCH_PATHS = (
					"$(inherited)",
					"@executable_path/Frameworks",
					"@loader_path/Frameworks",
				);
				PRODUCT_BUNDLE_IDENTIFIER = com.keevault.app.tests;
				SDKROOT = iphoneos;
				TARGETED_DEVICE_FAMILY = "1,2";
				TEST_HOST = "$(BUILT_PRODUCTS_DIR)/KeeVault.app/KeeVault";
				TEST_TARGET_NAME = KeeVault;
			};
			name = Debug;
		};
		BEE1023E9E95110948A308DB /* Release */ = {
			isa = XCBuildConfiguration;
			buildSettings = {
				ALWAYS_SEARCH_USER_PATHS = NO;
				CLANG_ANALYZER_NONNULL = YES;
				CLANG_ANALYZER_NUMBER_OBJECT_CONVERSION = YES_AGGRESSIVE;
				CLANG_CXX_LANGUAGE_STANDARD = "gnu++14";
				CLANG_CXX_LIBRARY = "libc++";
				CLANG_ENABLE_MODULES = YES;
				CLANG_ENABLE_OBJC_ARC = YES;
				CLANG_ENABLE_OBJC_WEAK = YES;
				CLANG_WARN_BLOCK_CAPTURE_AUTORELEASING = YES;
				CLANG_WARN_BOOL_CONVERSION = YES;
				CLANG_WARN_COMMA = YES;
				CLANG_WARN_CONSTANT_CONVERSION = YES;
				CLANG_WARN_DEPRECATED_OBJC_IMPLEMENTATIONS = YES;
				CLANG_WARN_DIRECT_OBJC_ISA_USAGE = YES_ERROR;
				CLANG_WARN_DOCUMENTATION_COMMENTS = YES;
				CLANG_WARN_EMPTY_BODY = YES;
				CLANG_WARN_ENUM_CONVERSION = YES;
				CLANG_WARN_INFINITE_RECURSION = YES;
				CLANG_WARN_INT_CONVERSION = YES;
				CLANG_WARN_NON_LITERAL_NULL_CONVERSION = YES;
				CLANG_WARN_OBJC_IMPLICIT_RETAIN_SELF = YES;
				CLANG_WARN_OBJC_LITERAL_CONVERSION = YES;
				CLANG_WARN_OBJC_ROOT_CLASS = YES_ERROR;
				CLANG_WARN_QUOTED_INCLUDE_IN_FRAMEWORK_HEADER = YES;
				CLANG_WARN_RANGE_LOOP_ANALYSIS = YES;
				CLANG_WARN_STRICT_PROTOTYPES = YES;
				CLANG_WARN_SUSPICIOUS_MOVE = YES;
				CLANG_WARN_UNGUARDED_AVAILABILITY = YES_AGGRESSIVE;
				CLANG_WARN_UNREACHABLE_CODE = YES;
				CLANG_WARN__DUPLICATE_METHOD_MATCH = YES;
				CODE_SIGN_STYLE = Automatic;
				COPY_PHASE_STRIP = NO;
				DEBUG_INFORMATION_FORMAT = "dwarf-with-dsym";
				DEVELOPMENT_TEAM = V82M9YX8BR;
				ENABLE_NS_ASSERTIONS = NO;
				ENABLE_STRICT_OBJC_MSGSEND = YES;
				ENABLE_USER_SCRIPT_SANDBOXING = YES;
				GCC_C_LANGUAGE_STANDARD = gnu11;
				GCC_NO_COMMON_BLOCKS = YES;
				GCC_WARN_64_TO_32_BIT_CONVERSION = YES;
				GCC_WARN_ABOUT_RETURN_TYPE = YES_ERROR;
				GCC_WARN_UNDECLARED_SELECTOR = YES;
				GCC_WARN_UNINITIALIZED_AUTOS = YES_AGGRESSIVE;
				GCC_WARN_UNUSED_FUNCTION = YES;
				GCC_WARN_UNUSED_VARIABLE = YES;
				IPHONEOS_DEPLOYMENT_TARGET = 17.0;
				MTL_ENABLE_DEBUG_INFO = NO;
				MTL_FAST_MATH = YES;
				PRODUCT_NAME = "$(TARGET_NAME)";
				SDKROOT = iphoneos;
				SWIFT_COMPILATION_MODE = wholemodule;
				SWIFT_OPTIMIZATION_LEVEL = "-O";
				SWIFT_STRICT_CONCURRENCY = complete;
				SWIFT_VERSION = 6.0;
			};
			name = Release;
		};
		C3DAB56AB0A0673047C91491 /* Debug */ = {
			isa = XCBuildConfiguration;
			buildSettings = {
				ASSETCATALOG_COMPILER_APPICON_NAME = AppIcon;
				CODE_SIGN_ENTITLEMENTS = KeeVault/KeeVault.entitlements;
				CODE_SIGN_IDENTITY = "iPhone Developer";
				CODE_SIGN_STYLE = Automatic;
				CURRENT_PROJECT_VERSION = 3;
				GENERATE_INFOPLIST_FILE = NO;
				INFOPLIST_FILE = KeeVault/Info.plist;
				LD_RUNPATH_SEARCH_PATHS = (
					"$(inherited)",
					"@executable_path/Frameworks",
				);
				MARKETING_VERSION = 1.2.0;
				PRODUCT_BUNDLE_IDENTIFIER = com.keevault.app;
				PRODUCT_NAME = KeeVault;
				SDKROOT = iphoneos;
				SWIFT_EMIT_LOC_STRINGS = YES;
				TARGETED_DEVICE_FAMILY = 1;
			};
			name = Debug;
		};
		C7C3CC980D6178B9A9D82AAB /* Release */ = {
			isa = XCBuildConfiguration;
			buildSettings = {
				CODE_SIGN_ENTITLEMENTS = AutoFillExtension/AutoFillExtension.entitlements;
				CODE_SIGN_STYLE = Automatic;
				CURRENT_PROJECT_VERSION = 3;
				GENERATE_INFOPLIST_FILE = NO;
				INFOPLIST_FILE = AutoFillExtension/Info.plist;
				LD_RUNPATH_SEARCH_PATHS = (
					"$(inherited)",
					"@executable_path/Frameworks",
					"@executable_path/../../Frameworks",
				);
				MARKETING_VERSION = 1.2.0;
				PRODUCT_BUNDLE_IDENTIFIER = com.keevault.app.autofill;
				PRODUCT_NAME = KeeVaultAutoFill;
				SDKROOT = iphoneos;
				TARGETED_DEVICE_FAMILY = "1,2";
			};
			name = Release;
		};
		D91FAC1AE65E92A70BDDBC96 /* Debug */ = {
			isa = XCBuildConfiguration;
			buildSettings = {
				BUNDLE_LOADER = "$(TEST_HOST)";
				GENERATE_INFOPLIST_FILE = YES;
				LD_RUNPATH_SEARCH_PATHS = (
					"$(inherited)",
					"@executable_path/Frameworks",
					"@loader_path/Frameworks",
				);
				PRODUCT_BUNDLE_IDENTIFIER = com.keevault.app.uitests;
				SDKROOT = iphoneos;
				TARGETED_DEVICE_FAMILY = "1,2";
				TEST_TARGET_NAME = KeeVault;
			};
			name = Debug;
		};
/* End XCBuildConfiguration section */

/* Begin XCConfigurationList section */
		308D04FDB60F1BB8D067A652 /* Build configuration list for PBXNativeTarget "AutoFillExtension" */ = {
			isa = XCConfigurationList;
			buildConfigurations = (
				64B37485476915410BA4AB44 /* Debug */,
				C7C3CC980D6178B9A9D82AAB /* Release */,
			);
			defaultConfigurationIsVisible = 0;
			defaultConfigurationName = Debug;
		};
		5FC88B455D18E25D1BFC62F6 /* Build configuration list for PBXNativeTarget "KeeVaultTests" */ = {
			isa = XCConfigurationList;
			buildConfigurations = (
				A7C02578F7E2364286BAD148 /* Debug */,
				9D5BEB99D46C820A53446610 /* Release */,
			);
			defaultConfigurationIsVisible = 0;
			defaultConfigurationName = Debug;
		};
		90FA865EE8F1C2741F01858F /* Build configuration list for PBXNativeTarget "KeeVaultUITests" */ = {
			isa = XCConfigurationList;
			buildConfigurations = (
				D91FAC1AE65E92A70BDDBC96 /* Debug */,
				872D25BC352D0EA44732FC6F /* Release */,
			);
			defaultConfigurationIsVisible = 0;
			defaultConfigurationName = Debug;
		};
		BD3C6BD1EAEBD78FBCBD25D5 /* Build configuration list for PBXProject "KeeVault" */ = {
			isa = XCConfigurationList;
			buildConfigurations = (
				2B0F555ECC285AAD01BE6165 /* Debug */,
				BEE1023E9E95110948A308DB /* Release */,
			);
			defaultConfigurationIsVisible = 0;
			defaultConfigurationName = Debug;
		};
		D23896FDDBD748D28015EB5F /* Build configuration list for PBXNativeTarget "KeeVault" */ = {
			isa = XCConfigurationList;
			buildConfigurations = (
				C3DAB56AB0A0673047C91491 /* Debug */,
				A4468E53A3115306CA5FDBE6 /* Release */,
			);
			defaultConfigurationIsVisible = 0;
			defaultConfigurationName = Debug;
		};
/* End XCConfigurationList section */

/* Begin XCRemoteSwiftPackageReference section */
		BF2269DCF81DA97F564C74D5 /* XCRemoteSwiftPackageReference "Argon2Swift" */ = {
			isa = XCRemoteSwiftPackageReference;
			repositoryURL = "https://github.com/tmthecoder/Argon2Swift.git";
			requirement = {
				branch = main;
				kind = branch;
			};
		};
/* End XCRemoteSwiftPackageReference section */

/* Begin XCSwiftPackageProductDependency section */
		1C50F09A3FF6EAC0D76F5B65 /* Argon2Swift */ = {
			isa = XCSwiftPackageProductDependency;
			package = BF2269DCF81DA97F564C74D5 /* XCRemoteSwiftPackageReference "Argon2Swift" */;
			productName = Argon2Swift;
		};
		EC769DB645B7FD5A96180267 /* Argon2Swift */ = {
			isa = XCSwiftPackageProductDependency;
			package = BF2269DCF81DA97F564C74D5 /* XCRemoteSwiftPackageReference "Argon2Swift" */;
			productName = Argon2Swift;
		};
/* End XCSwiftPackageProductDependency section */
	};
	rootObject = EEE3A8A0453C62287D515E40 /* Project object */;
}
